// !$*UTF8*$!
{
	archiveVersion = 1;
	classes = {
	};
	objectVersion = 50;
	objects = {

/* Begin PBXBuildFile section */
		A359B9CC263AB0630088FB1E /* GitTestApp.swift in Sources */ = {isa = PBXBuildFile; fileRef = A359B9CB263AB0630088FB1E /* GitTestApp.swift */; };
		A359B9CE263AB0630088FB1E /* ContentView.swift in Sources */ = {isa = PBXBuildFile; fileRef = A359B9CD263AB0630088FB1E /* ContentView.swift */; };
		A359B9D0263AB0660088FB1E /* Assets.xcassets in Resources */ = {isa = PBXBuildFile; fileRef = A359B9CF263AB0660088FB1E /* Assets.xcassets */; };
		A359B9D3263AB0660088FB1E /* Preview Assets.xcassets in Resources */ = {isa = PBXBuildFile; fileRef = A359B9D2263AB0660088FB1E /* Preview Assets.xcassets */; };
		A359B9DE263AB0660088FB1E /* GitTestTests.swift in Sources */ = {isa = PBXBuildFile; fileRef = A359B9DD263AB0660088FB1E /* GitTestTests.swift */; };
		A359B9E9263AB0670088FB1E /* GitTestUITests.swift in Sources */ = {isa = PBXBuildFile; fileRef = A359B9E8263AB0670088FB1E /* GitTestUITests.swift */; };
		A3FAA7A22643CF9900F68332 /* 基础练习01.swift in Sources */ = {isa = PBXBuildFile; fileRef = A3FAA7A12643CF9900F68332 /* 基础练习01.swift */; };
/* End PBXBuildFile section */

/* Begin PBXContainerItemProxy section */
		A359B9DA263AB0660088FB1E /* PBXContainerItemProxy */ = {
			isa = PBXContainerItemProxy;
			containerPortal = A359B9C0263AB0630088FB1E /* Project object */;
			proxyType = 1;
			remoteGlobalIDString = A359B9C7263AB0630088FB1E;
			remoteInfo = GitTest;
		};
		A359B9E5263AB0670088FB1E /* PBXContainerItemProxy */ = {
			isa = PBXContainerItemProxy;
			containerPortal = A359B9C0263AB0630088FB1E /* Project object */;
			proxyType = 1;
			remoteGlobalIDString = A359B9C7263AB0630088FB1E;
			remoteInfo = GitTest;
		};
/* End PBXContainerItemProxy section */

/* Begin PBXFileReference section */
		A359B9C8263AB0630088FB1E /* GitTest.app */ = {isa = PBXFileReference; explicitFileType = wrapper.application; includeInIndex = 0; path = GitTest.app; sourceTree = BUILT_PRODUCTS_DIR; };
		A359B9CB263AB0630088FB1E /* GitTestApp.swift */ = {isa = PBXFileReference; lastKnownFileType = sourcecode.swift; path = GitTestApp.swift; sourceTree = "<group>"; };
		A359B9CD263AB0630088FB1E /* ContentView.swift */ = {isa = PBXFileReference; lastKnownFileType = sourcecode.swift; path = ContentView.swift; sourceTree = "<group>"; };
		A359B9CF263AB0660088FB1E /* Assets.xcassets */ = {isa = PBXFileReference; lastKnownFileType = folder.assetcatalog; path = Assets.xcassets; sourceTree = "<group>"; };
		A359B9D2263AB0660088FB1E /* Preview Assets.xcassets */ = {isa = PBXFileReference; lastKnownFileType = folder.assetcatalog; path = "Preview Assets.xcassets"; sourceTree = "<group>"; };
		A359B9D4263AB0660088FB1E /* Info.plist */ = {isa = PBXFileReference; lastKnownFileType = text.plist.xml; path = Info.plist; sourceTree = "<group>"; };
		A359B9D9263AB0660088FB1E /* GitTestTests.xctest */ = {isa = PBXFileReference; explicitFileType = wrapper.cfbundle; includeInIndex = 0; path = GitTestTests.xctest; sourceTree = BUILT_PRODUCTS_DIR; };
		A359B9DD263AB0660088FB1E /* GitTestTests.swift */ = {isa = PBXFileReference; lastKnownFileType = sourcecode.swift; path = GitTestTests.swift; sourceTree = "<group>"; };
		A359B9DF263AB0660088FB1E /* Info.plist */ = {isa = PBXFileReference; lastKnownFileType = text.plist.xml; path = Info.plist; sourceTree = "<group>"; };
		A359B9E4263AB0660088FB1E /* GitTestUITests.xctest */ = {isa = PBXFileReference; explicitFileType = wrapper.cfbundle; includeInIndex = 0; path = GitTestUITests.xctest; sourceTree = BUILT_PRODUCTS_DIR; };
		A359B9E8263AB0670088FB1E /* GitTestUITests.swift */ = {isa = PBXFileReference; lastKnownFileType = sourcecode.swift; path = GitTestUITests.swift; sourceTree = "<group>"; };
		A359B9EA263AB0670088FB1E /* Info.plist */ = {isa = PBXFileReference; lastKnownFileType = text.plist.xml; path = Info.plist; sourceTree = "<group>"; };
		A3FAA7A12643CF9900F68332 /* 基础练习01.swift */ = {isa = PBXFileReference; lastKnownFileType = sourcecode.swift; path = "基础练习01.swift"; sourceTree = "<group>"; };
/* End PBXFileReference section */

/* Begin PBXFrameworksBuildPhase section */
		A359B9C5263AB0630088FB1E /* Frameworks */ = {
			isa = PBXFrameworksBuildPhase;
			buildActionMask = 2147483647;
			files = (
			);
			runOnlyForDeploymentPostprocessing = 0;
		};
		A359B9D6263AB0660088FB1E /* Frameworks */ = {
			isa = PBXFrameworksBuildPhase;
			buildActionMask = 2147483647;
			files = (
			);
			runOnlyForDeploymentPostprocessing = 0;
		};
		A359B9E1263AB0660088FB1E /* Frameworks */ = {
			isa = PBXFrameworksBuildPhase;
			buildActionMask = 2147483647;
			files = (
			);
			runOnlyForDeploymentPostprocessing = 0;
		};
/* End PBXFrameworksBuildPhase section */

/* Begin PBXGroup section */
		A359B9BF263AB0630088FB1E = {
			isa = PBXGroup;
			children = (
				A359B9CA263AB0630088FB1E /* GitTest */,
				A359B9DC263AB0660088FB1E /* GitTestTests */,
				A359B9E7263AB0670088FB1E /* GitTestUITests */,
				A359B9C9263AB0630088FB1E /* Products */,
			);
			sourceTree = "<group>";
		};
		A359B9C9263AB0630088FB1E /* Products */ = {
			isa = PBXGroup;
			children = (
				A359B9C8263AB0630088FB1E /* GitTest.app */,
				A359B9D9263AB0660088FB1E /* GitTestTests.xctest */,
				A359B9E4263AB0660088FB1E /* GitTestUITests.xctest */,
			);
			name = Products;
			sourceTree = "<group>";
		};
		A359B9CA263AB0630088FB1E /* GitTest */ = {
			isa = PBXGroup;
			children = (
				A3FAA7A12643CF9900F68332 /* 基础练习01.swift */,
				A359B9CB263AB0630088FB1E /* GitTestApp.swift */,
				A359B9CD263AB0630088FB1E /* ContentView.swift */,
				A359B9CF263AB0660088FB1E /* Assets.xcassets */,
				A359B9D4263AB0660088FB1E /* Info.plist */,
				A359B9D1263AB0660088FB1E /* Preview Content */,
			);
			path = GitTest;
			sourceTree = "<group>";
		};
		A359B9D1263AB0660088FB1E /* Preview Content */ = {
			isa = PBXGroup;
			children = (
				A359B9D2263AB0660088FB1E /* Preview Assets.xcassets */,
			);
			path = "Preview Content";
			sourceTree = "<group>";
		};
		A359B9DC263AB0660088FB1E /* GitTestTests */ = {
			isa = PBXGroup;
			children = (
				A359B9DD263AB0660088FB1E /* GitTestTests.swift */,
				A359B9DF263AB0660088FB1E /* Info.plist */,
			);
			path = GitTestTests;
			sourceTree = "<group>";
		};
		A359B9E7263AB0670088FB1E /* GitTestUITests */ = {
			isa = PBXGroup;
			children = (
				A359B9E8263AB0670088FB1E /* GitTestUITests.swift */,
				A359B9EA263AB0670088FB1E /* Info.plist */,
			);
			path = GitTestUITests;
			sourceTree = "<group>";
		};
/* End PBXGroup section */

/* Begin PBXNativeTarget section */
		A359B9C7263AB0630088FB1E /* GitTest */ = {
			isa = PBXNativeTarget;
			buildConfigurationList = A359B9ED263AB0670088FB1E /* Build configuration list for PBXNativeTarget "GitTest" */;
			buildPhases = (
				A359B9C4263AB0630088FB1E /* Sources */,
				A359B9C5263AB0630088FB1E /* Frameworks */,
				A359B9C6263AB0630088FB1E /* Resources */,
			);
			buildRules = (
			);
			dependencies = (
			);
			name = GitTest;
			productName = GitTest;
			productReference = A359B9C8263AB0630088FB1E /* GitTest.app */;
			productType = "com.apple.product-type.application";
		};
		A359B9D8263AB0660088FB1E /* GitTestTests */ = {
			isa = PBXNativeTarget;
			buildConfigurationList = A359B9F0263AB0670088FB1E /* Build configuration list for PBXNativeTarget "GitTestTests" */;
			buildPhases = (
				A359B9D5263AB0660088FB1E /* Sources */,
				A359B9D6263AB0660088FB1E /* Frameworks */,
				A359B9D7263AB0660088FB1E /* Resources */,
			);
			buildRules = (
			);
			dependencies = (
				A359B9DB263AB0660088FB1E /* PBXTargetDependency */,
			);
			name = GitTestTests;
			productName = GitTestTests;
			productReference = A359B9D9263AB0660088FB1E /* GitTestTests.xctest */;
			productType = "com.apple.product-type.bundle.unit-test";
		};
		A359B9E3263AB0660088FB1E /* GitTestUITests */ = {
			isa = PBXNativeTarget;
			buildConfigurationList = A359B9F3263AB0670088FB1E /* Build configuration list for PBXNativeTarget "GitTestUITests" */;
			buildPhases = (
				A359B9E0263AB0660088FB1E /* Sources */,
				A359B9E1263AB0660088FB1E /* Frameworks */,
				A359B9E2263AB0660088FB1E /* Resources */,
			);
			buildRules = (
			);
			dependencies = (
				A359B9E6263AB0670088FB1E /* PBXTargetDependency */,
			);
			name = GitTestUITests;
			productName = GitTestUITests;
			productReference = A359B9E4263AB0660088FB1E /* GitTestUITests.xctest */;
			productType = "com.apple.product-type.bundle.ui-testing";
		};
/* End PBXNativeTarget section */

/* Begin PBXProject section */
		A359B9C0263AB0630088FB1E /* Project object */ = {
			isa = PBXProject;
			attributes = {
				LastSwiftUpdateCheck = 1250;
				LastUpgradeCheck = 1250;
				TargetAttributes = {
					A359B9C7263AB0630088FB1E = {
						CreatedOnToolsVersion = 12.5;
					};
					A359B9D8263AB0660088FB1E = {
						CreatedOnToolsVersion = 12.5;
						TestTargetID = A359B9C7263AB0630088FB1E;
					};
					A359B9E3263AB0660088FB1E = {
						CreatedOnToolsVersion = 12.5;
						TestTargetID = A359B9C7263AB0630088FB1E;
					};
				};
			};
			buildConfigurationList = A359B9C3263AB0630088FB1E /* Build configuration list for PBXProject "GitTest" */;
			compatibilityVersion = "Xcode 9.3";
			developmentRegion = en;
			hasScannedForEncodings = 0;
			knownRegions = (
				en,
				Base,
			);
			mainGroup = A359B9BF263AB0630088FB1E;
			productRefGroup = A359B9C9263AB0630088FB1E /* Products */;
			projectDirPath = "";
			projectRoot = "";
			targets = (
				A359B9C7263AB0630088FB1E /* GitTest */,
				A359B9D8263AB0660088FB1E /* GitTestTests */,
				A359B9E3263AB0660088FB1E /* GitTestUITests */,
			);
		};
/* End PBXProject section */

/* Begin PBXResourcesBuildPhase section */
		A359B9C6263AB0630088FB1E /* Resources */ = {
			isa = PBXResourcesBuildPhase;
			buildActionMask = 2147483647;
			files = (
				A359B9D3263AB0660088FB1E /* Preview Assets.xcassets in Resources */,
				A359B9D0263AB0660088FB1E /* Assets.xcassets in Resources */,
			);
			runOnlyForDeploymentPostprocessing = 0;
		};
		A359B9D7263AB0660088FB1E /* Resources */ = {
			isa = PBXResourcesBuildPhase;
			buildActionMask = 2147483647;
			files = (
			);
			runOnlyForDeploymentPostprocessing = 0;
		};
		A359B9E2263AB0660088FB1E /* Resources */ = {
			isa = PBXResourcesBuildPhase;
			buildActionMask = 2147483647;
			files = (
			);
			runOnlyForDeploymentPostprocessing = 0;
		};
/* End PBXResourcesBuildPhase section */

/* Begin PBXSourcesBuildPhase section */
		A359B9C4263AB0630088FB1E /* Sources */ = {
			isa = PBXSourcesBuildPhase;
			buildActionMask = 2147483647;
			files = (
				A359B9CE263AB0630088FB1E /* ContentView.swift in Sources */,
				A359B9CC263AB0630088FB1E /* GitTestApp.swift in Sources */,
				A3FAA7A22643CF9900F68332 /* 基础练习01.swift in Sources */,
			);
			runOnlyForDeploymentPostprocessing = 0;
		};
		A359B9D5263AB0660088FB1E /* Sources */ = {
			isa = PBXSourcesBuildPhase;
			buildActionMask = 2147483647;
			files = (
				A359B9DE263AB0660088FB1E /* GitTestTests.swift in Sources */,
			);
			runOnlyForDeploymentPostprocessing = 0;
		};
		A359B9E0263AB0660088FB1E /* Sources */ = {
			isa = PBXSourcesBuildPhase;
			buildActionMask = 2147483647;
			files = (
				A359B9E9263AB0670088FB1E /* GitTestUITests.swift in Sources */,
			);
			runOnlyForDeploymentPostprocessing = 0;
		};
/* End PBXSourcesBuildPhase section */

/* Begin PBXTargetDependency section */
		A359B9DB263AB0660088FB1E /* PBXTargetDependency */ = {
			isa = PBXTargetDependency;
			target = A359B9C7263AB0630088FB1E /* GitTest */;
			targetProxy = A359B9DA263AB0660088FB1E /* PBXContainerItemProxy */;
		};
		A359B9E6263AB0670088FB1E /* PBXTargetDependency */ = {
			isa = PBXTargetDependency;
			target = A359B9C7263AB0630088FB1E /* GitTest */;
			targetProxy = A359B9E5263AB0670088FB1E /* PBXContainerItemProxy */;
		};
/* End PBXTargetDependency section */

/* Begin XCBuildConfiguration section */
		A359B9EB263AB0670088FB1E /* Debug */ = {
			isa = XCBuildConfiguration;
			buildSettings = {
				ALWAYS_SEARCH_USER_PATHS = NO;
				CLANG_ANALYZER_NONNULL = YES;
				CLANG_ANALYZER_NUMBER_OBJECT_CONVERSION = YES_AGGRESSIVE;
				CLANG_CXX_LANGUAGE_STANDARD = "gnu++14";
				CLANG_CXX_LIBRARY = "libc++";
				CLANG_ENABLE_MODULES = YES;
				CLANG_ENABLE_OBJC_ARC = YES;
				CLANG_ENABLE_OBJC_WEAK = YES;
				CLANG_WARN_BLOCK_CAPTURE_AUTORELEASING = YES;
				CLANG_WARN_BOOL_CONVERSION = YES;
				CLANG_WARN_COMMA = YES;
				CLANG_WARN_CONSTANT_CONVERSION = YES;
				CLANG_WARN_DEPRECATED_OBJC_IMPLEMENTATIONS = YES;
				CLANG_WARN_DIRECT_OBJC_ISA_USAGE = YES_ERROR;
				CLANG_WARN_DOCUMENTATION_COMMENTS = YES;
				CLANG_WARN_EMPTY_BODY = YES;
				CLANG_WARN_ENUM_CONVERSION = YES;
				CLANG_WARN_INFINITE_RECURSION = YES;
				CLANG_WARN_INT_CONVERSION = YES;
				CLANG_WARN_NON_LITERAL_NULL_CONVERSION = YES;
				CLANG_WARN_OBJC_IMPLICIT_RETAIN_SELF = YES;
				CLANG_WARN_OBJC_LITERAL_CONVERSION = YES;
				CLANG_WARN_OBJC_ROOT_CLASS = YES_ERROR;
				CLANG_WARN_QUOTED_INCLUDE_IN_FRAMEWORK_HEADER = YES;
				CLANG_WARN_RANGE_LOOP_ANALYSIS = YES;
				CLANG_WARN_STRICT_PROTOTYPES = YES;
				CLANG_WARN_SUSPICIOUS_MOVE = YES;
				CLANG_WARN_UNGUARDED_AVAILABILITY = YES_AGGRESSIVE;
				CLANG_WARN_UNREACHABLE_CODE = YES;
				CLANG_WARN__DUPLICATE_METHOD_MATCH = YES;
				COPY_PHASE_STRIP = NO;
				DEBUG_INFORMATION_FORMAT = dwarf;
				ENABLE_STRICT_OBJC_MSGSEND = YES;
				ENABLE_TESTABILITY = YES;
				GCC_C_LANGUAGE_STANDARD = gnu11;
				GCC_DYNAMIC_NO_PIC = NO;
				GCC_NO_COMMON_BLOCKS = YES;
				GCC_OPTIMIZATION_LEVEL = 0;
				GCC_PREPROCESSOR_DEFINITIONS = (
					"DEBUG=1",
					"$(inherited)",
				);
				GCC_WARN_64_TO_32_BIT_CONVERSION = YES;
				GCC_WARN_ABOUT_RETURN_TYPE = YES_ERROR;
				GCC_WARN_UNDECLARED_SELECTOR = YES;
				GCC_WARN_UNINITIALIZED_AUTOS = YES_AGGRESSIVE;
				GCC_WARN_UNUSED_FUNCTION = YES;
				GCC_WARN_UNUSED_VARIABLE = YES;
				IPHONEOS_DEPLOYMENT_TARGET = 14.5;
				MTL_ENABLE_DEBUG_INFO = INCLUDE_SOURCE;
				MTL_FAST_MATH = YES;
				ONLY_ACTIVE_ARCH = YES;
				SDKROOT = iphoneos;
				SWIFT_ACTIVE_COMPILATION_CONDITIONS = DEBUG;
				SWIFT_OPTIMIZATION_LEVEL = "-Onone";
			};
			name = Debug;
		};
		A359B9EC263AB0670088FB1E /* Release */ = {
			isa = XCBuildConfiguration;
			buildSettings = {
				ALWAYS_SEARCH_USER_PATHS = NO;
				CLANG_ANALYZER_NONNULL = YES;
				CLANG_ANALYZER_NUMBER_OBJECT_CONVERSION = YES_AGGRESSIVE;
				CLANG_CXX_LANGUAGE_STANDARD = "gnu++14";
				CLANG_CXX_LIBRARY = "libc++";
				CLANG_ENABLE_MODULES = YES;
				CLANG_ENABLE_OBJC_ARC = YES;
				CLANG_ENABLE_OBJC_WEAK = YES;
				CLANG_WARN_BLOCK_CAPTURE_AUTORELEASING = YES;
				CLANG_WARN_BOOL_CONVERSION = YES;
				CLANG_WARN_COMMA = YES;
				CLANG_WARN_CONSTANT_CONVERSION = YES;
				CLANG_WARN_DEPRECATED_OBJC_IMPLEMENTATIONS = YES;
				CLANG_WARN_DIRECT_OBJC_ISA_USAGE = YES_ERROR;
				CLANG_WARN_DOCUMENTATION_COMMENTS = YES;
				CLANG_WARN_EMPTY_BODY = YES;
				CLANG_WARN_ENUM_CONVERSION = YES;
				CLANG_WARN_INFINITE_RECURSION = YES;
				CLANG_WARN_INT_CONVERSION = YES;
				CLANG_WARN_NON_LITERAL_NULL_CONVERSION = YES;
				CLANG_WARN_OBJC_IMPLICIT_RETAIN_SELF = YES;
				CLANG_WARN_OBJC_LITERAL_CONVERSION = YES;
				CLANG_WARN_OBJC_ROOT_CLASS = YES_ERROR;
				CLANG_WARN_QUOTED_INCLUDE_IN_FRAMEWORK_HEADER = YES;
				CLANG_WARN_RANGE_LOOP_ANALYSIS = YES;
				CLANG_WARN_STRICT_PROTOTYPES = YES;
				CLANG_WARN_SUSPICIOUS_MOVE = YES;
				CLANG_WARN_UNGUARDED_AVAILABILITY = YES_AGGRESSIVE;
				CLANG_WARN_UNREACHABLE_CODE = YES;
				CLANG_WARN__DUPLICATE_METHOD_MATCH = YES;
				COPY_PHASE_STRIP = NO;
				DEBUG_INFORMATION_FORMAT = "dwarf-with-dsym";
				ENABLE_NS_ASSERTIONS = NO;
				ENABLE_STRICT_OBJC_MSGSEND = YES;
				GCC_C_LANGUAGE_STANDARD = gnu11;
				GCC_NO_COMMON_BLOCKS = YES;
				GCC_WARN_64_TO_32_BIT_CONVERSION = YES;
				GCC_WARN_ABOUT_RETURN_TYPE = YES_ERROR;
				GCC_WARN_UNDECLARED_SELECTOR = YES;
				GCC_WARN_UNINITIALIZED_AUTOS = YES_AGGRESSIVE;
				GCC_WARN_UNUSED_FUNCTION = YES;
				GCC_WARN_UNUSED_VARIABLE = YES;
				IPHONEOS_DEPLOYMENT_TARGET = 14.5;
				MTL_ENABLE_DEBUG_INFO = NO;
				MTL_FAST_MATH = YES;
				SDKROOT = iphoneos;
				SWIFT_COMPILATION_MODE = wholemodule;
				SWIFT_OPTIMIZATION_LEVEL = "-O";
				VALIDATE_PRODUCT = YES;
			};
			name = Release;
		};
		A359B9EE263AB0670088FB1E /* Debug */ = {
			isa = XCBuildConfiguration;
			buildSettings = {
				ASSETCATALOG_COMPILER_APPICON_NAME = AppIcon;
				ASSETCATALOG_COMPILER_GLOBAL_ACCENT_COLOR_NAME = AccentColor;
				CODE_SIGN_STYLE = Automatic;
				DEVELOPMENT_ASSET_PATHS = "\"GitTest/Preview Content\"";
				DEVELOPMENT_TEAM = S5G555KYZQ;
				ENABLE_PREVIEWS = YES;
				INFOPLIST_FILE = GitTest/Info.plist;
				IPHONEOS_DEPLOYMENT_TARGET = 14.0;
				LD_RUNPATH_SEARCH_PATHS = (
					"$(inherited)",
					"@executable_path/Frameworks",
				);
				PRODUCT_BUNDLE_IDENTIFIER = com.Ken.GitTest;
				PRODUCT_NAME = "$(TARGET_NAME)";
				SWIFT_VERSION = 5.0;
				TARGETED_DEVICE_FAMILY = "1,2";
			};
			name = Debug;
		};
		A359B9EF263AB0670088FB1E /* Release */ = {
			isa = XCBuildConfiguration;
			buildSettings = {
				ASSETCATALOG_COMPILER_APPICON_NAME = AppIcon;
				ASSETCATALOG_COMPILER_GLOBAL_ACCENT_COLOR_NAME = AccentColor;
				CODE_SIGN_STYLE = Automatic;
				DEVELOPMENT_ASSET_PATHS = "\"GitTest/Preview Content\"";
				DEVELOPMENT_TEAM = S5G555KYZQ;
				ENABLE_PREVIEWS = YES;
				INFOPLIST_FILE = GitTest/Info.plist;
				IPHONEOS_DEPLOYMENT_TARGET = 14.0;
				LD_RUNPATH_SEARCH_PATHS = (
					"$(inherited)",
					"@executable_path/Frameworks",
				);
				PRODUCT_BUNDLE_IDENTIFIER = com.Ken.GitTest;
				PRODUCT_NAME = "$(TARGET_NAME)";
				SWIFT_VERSION = 5.0;
				TARGETED_DEVICE_FAMILY = "1,2";
			};
			name = Release;
		};
		A359B9F1263AB0670088FB1E /* Debug */ = {
			isa = XCBuildConfiguration;
			buildSettings = {
				ALWAYS_EMBED_SWIFT_STANDARD_LIBRARIES = YES;
				BUNDLE_LOADER = "$(TEST_HOST)";
				CODE_SIGN_STYLE = Automatic;
				DEVELOPMENT_TEAM = S5G555KYZQ;
				INFOPLIST_FILE = GitTestTests/Info.plist;
				IPHONEOS_DEPLOYMENT_TARGET = 14.0;
				LD_RUNPATH_SEARCH_PATHS = (
					"$(inherited)",
					"@executable_path/Frameworks",
					"@loader_path/Frameworks",
				);
				PRODUCT_BUNDLE_IDENTIFIER = com.Ken.GitTestTests;
				PRODUCT_NAME = "$(TARGET_NAME)";
				SWIFT_VERSION = 5.0;
				TARGETED_DEVICE_FAMILY = "1,2";
				TEST_HOST = "$(BUILT_PRODUCTS_DIR)/GitTest.app/GitTest";
			};
			name = Debug;
		};
		A359B9F2263AB0670088FB1E /* Release */ = {
			isa = XCBuildConfiguration;
			buildSettings = {
				ALWAYS_EMBED_SWIFT_STANDARD_LIBRARIES = YES;
				BUNDLE_LOADER = "$(TEST_HOST)";
				CODE_SIGN_STYLE = Automatic;
				DEVELOPMENT_TEAM = S5G555KYZQ;
				INFOPLIST_FILE = GitTestTests/Info.plist;
				IPHONEOS_DEPLOYMENT_TARGET = 14.0;
				LD_RUNPATH_SEARCH_PATHS = (
					"$(inherited)",
					"@executable_path/Frameworks",
					"@loader_path/Frameworks",
				);
				PRODUCT_BUNDLE_IDENTIFIER = com.Ken.GitTestTests;
				PRODUCT_NAME = "$(TARGET_NAME)";
				SWIFT_VERSION = 5.0;
				TARGETED_DEVICE_FAMILY = "1,2";
				TEST_HOST = "$(BUILT_PRODUCTS_DIR)/GitTest.app/GitTest";
			};
			name = Release;
		};
		A359B9F4263AB0670088FB1E /* Debug */ = {
			isa = XCBuildConfiguration;
			buildSettings = {
				ALWAYS_EMBED_SWIFT_STANDARD_LIBRARIES = YES;
				CODE_SIGN_STYLE = Automatic;
				DEVELOPMENT_TEAM = S5G555KYZQ;
				INFOPLIST_FILE = GitTestUITests/Info.plist;
				LD_RUNPATH_SEARCH_PATHS = (
					"$(inherited)",
					"@executable_path/Frameworks",
					"@loader_path/Frameworks",
				);
				PRODUCT_BUNDLE_IDENTIFIER = com.Ken.GitTestUITests;
				PRODUCT_NAME = "$(TARGET_NAME)";
				SWIFT_VERSION = 5.0;
				TARGETED_DEVICE_FAMILY = "1,2";
				TEST_TARGET_NAME = GitTest;
			};
			name = Debug;
		};
		A359B9F5263AB0670088FB1E /* Release */ = {
			isa = XCBuildConfiguration;
			buildSettings = {
				ALWAYS_EMBED_SWIFT_STANDARD_LIBRARIES = YES;
				CODE_SIGN_STYLE = Automatic;
				DEVELOPMENT_TEAM = S5G555KYZQ;
				INFOPLIST_FILE = GitTestUITests/Info.plist;
				LD_RUNPATH_SEARCH_PATHS = (
					"$(inherited)",
					"@executable_path/Frameworks",
					"@loader_path/Frameworks",
				);
				PRODUCT_BUNDLE_IDENTIFIER = com.Ken.GitTestUITests;
				PRODUCT_NAME = "$(TARGET_NAME)";
				SWIFT_VERSION = 5.0;
				TARGETED_DEVICE_FAMILY = "1,2";
				TEST_TARGET_NAME = GitTest;
			};
			name = Release;
		};
/* End XCBuildConfiguration section */

/* Begin XCConfigurationList section */
		A359B9C3263AB0630088FB1E /* Build configuration list for PBXProject "GitTest" */ = {
			isa = XCConfigurationList;
			buildConfigurations = (
				A359B9EB263AB0670088FB1E /* Debug */,
				A359B9EC263AB0670088FB1E /* Release */,
			);
			defaultConfigurationIsVisible = 0;
			defaultConfigurationName = Release;
		};
		A359B9ED263AB0670088FB1E /* Build configuration list for PBXNativeTarget "GitTest" */ = {
			isa = XCConfigurationList;
			buildConfigurations = (
				A359B9EE263AB0670088FB1E /* Debug */,
				A359B9EF263AB0670088FB1E /* Release */,
			);
			defaultConfigurationIsVisible = 0;
			defaultConfigurationName = Release;
		};
		A359B9F0263AB0670088FB1E /* Build configuration list for PBXNativeTarget "GitTestTests" */ = {
			isa = XCConfigurationList;
			buildConfigurations = (
				A359B9F1263AB0670088FB1E /* Debug */,
				A359B9F2263AB0670088FB1E /* Release */,
			);
			defaultConfigurationIsVisible = 0;
			defaultConfigurationName = Release;
		};
		A359B9F3263AB0670088FB1E /* Build configuration list for PBXNativeTarget "GitTestUITests" */ = {
			isa = XCConfigurationList;
			buildConfigurations = (
				A359B9F4263AB0670088FB1E /* Debug */,
				A359B9F5263AB0670088FB1E /* Release */,
			);
			defaultConfigurationIsVisible = 0;
			defaultConfigurationName = Release;
		};
/* End XCConfigurationList section */
	};
	rootObject = A359B9C0263AB0630088FB1E /* Project object */;
}
